
Microsoft Visual Studio Solution File, Format Version 12.00
# Visual Studio Version 17
VisualStudioVersion = 17.2.32630.192
MinimumVisualStudioVersion = 10.0.40219.1
Project("{9A19103F-16F7-4668-BE54-9A1E7A4F7556}") = "Documents", "Documents\Documents.csproj", "{C2244F3B-2D50-4C12-9783-72B79B137041}"
EndProject
Project("{2150E333-8FDC-42A3-9474-1A3956D46DE8}") = "Services", "Services", "{DFD0D9D9-20AD-4BD4-8FCF-8EAC03182364}"
EndProject
Project("{2150E333-8FDC-42A3-9474-1A3956D46DE8}") = "ApiGateways", "ApiGateways", "{CD1C9067-9232-46E5-B3F1-41425408C550}"
EndProject
Project("{9A19103F-16F7-4668-BE54-9A1E7A4F7556}") = "OcelotApiGw", "OcelotApiGw\OcelotApiGw.csproj", "{22EF30C9-CD09-459F-99D9-9FB1E40C675A}"
EndProject
Project("{9A19103F-16F7-4668-BE54-9A1E7A4F7556}") = "TaxManagement", "TaxManagement\TaxManagement.csproj", "{B5561DE8-21C0-4020-B449-60C12CBE4F09}"
EndProject
Project("{2150E333-8FDC-42A3-9474-1A3956D46DE8}") = "Test", "Test", "{BC1C86F0-9532-4D01-9E8D-97C05E2F98F0}"
EndProject
Project("{9A19103F-16F7-4668-BE54-9A1E7A4F7556}") = "WeatherForecast", "WeatherForecast\WeatherForecast.csproj", "{DB239C4F-E1B4-4C40-A444-4BC779B55789}"
EndProject
Project("{9A19103F-16F7-4668-BE54-9A1E7A4F7556}") = "Authentication", "Auth\Authentication.csproj", "{4503A5B1-40F7-4B02-8170-7B04513B0F93}"
EndProject
Project("{9A19103F-16F7-4668-BE54-9A1E7A4F7556}") = "Accounting", "Accounting\Accounting.csproj", "{02E5C7A6-DF22-4F65-AF7E-19585D54CED8}"
EndProject
Global
	GlobalSection(SolutionConfigurationPlatforms) = preSolution
		Development|Any CPU = Development|Any CPU
		Production|Any CPU = Production|Any CPU
		Stage|Any CPU = Stage|Any CPU
	EndGlobalSection
	GlobalSection(ProjectConfigurationPlatforms) = postSolution
		{C2244F3B-2D50-4C12-9783-72B79B137041}.Development|Any CPU.ActiveCfg = Development|Any CPU
		{C2244F3B-2D50-4C12-9783-72B79B137041}.Development|Any CPU.Build.0 = Development|Any CPU
		{C2244F3B-2D50-4C12-9783-72B79B137041}.Production|Any CPU.ActiveCfg = Production|Any CPU
		{C2244F3B-2D50-4C12-9783-72B79B137041}.Production|Any CPU.Build.0 = Production|Any CPU
		{C2244F3B-2D50-4C12-9783-72B79B137041}.Stage|Any CPU.ActiveCfg = Stage|Any CPU
		{C2244F3B-2D50-4C12-9783-72B79B137041}.Stage|Any CPU.Build.0 = Stage|Any CPU
		{22EF30C9-CD09-459F-99D9-9FB1E40C675A}.Development|Any CPU.ActiveCfg = Debug|Any CPU
		{22EF30C9-CD09-459F-99D9-9FB1E40C675A}.Development|Any CPU.Build.0 = Debug|Any CPU
		{22EF30C9-CD09-459F-99D9-9FB1E40C675A}.Production|Any CPU.ActiveCfg = Release|Any CPU
		{22EF30C9-CD09-459F-99D9-9FB1E40C675A}.Production|Any CPU.Build.0 = Release|Any CPU
		{22EF30C9-CD09-459F-99D9-9FB1E40C675A}.Stage|Any CPU.ActiveCfg = Debug|Any CPU
		{22EF30C9-CD09-459F-99D9-9FB1E40C675A}.Stage|Any CPU.Build.0 = Debug|Any CPU
		{B5561DE8-21C0-4020-B449-60C12CBE4F09}.Development|Any CPU.ActiveCfg = Development|Any CPU
		{B5561DE8-21C0-4020-B449-60C12CBE4F09}.Development|Any CPU.Build.0 = Development|Any CPU
		{B5561DE8-21C0-4020-B449-60C12CBE4F09}.Production|Any CPU.ActiveCfg = Production|Any CPU
		{B5561DE8-21C0-4020-B449-60C12CBE4F09}.Production|Any CPU.Build.0 = Production|Any CPU
		{B5561DE8-21C0-4020-B449-60C12CBE4F09}.Stage|Any CPU.ActiveCfg = Stage|Any CPU
		{B5561DE8-21C0-4020-B449-60C12CBE4F09}.Stage|Any CPU.Build.0 = Stage|Any CPU
		{DB239C4F-E1B4-4C40-A444-4BC779B55789}.Development|Any CPU.ActiveCfg = Debug|Any CPU
		{DB239C4F-E1B4-4C40-A444-4BC779B55789}.Development|Any CPU.Build.0 = Debug|Any CPU
		{DB239C4F-E1B4-4C40-A444-4BC779B55789}.Production|Any CPU.ActiveCfg = Release|Any CPU
		{DB239C4F-E1B4-4C40-A444-4BC779B55789}.Production|Any CPU.Build.0 = Release|Any CPU
		{DB239C4F-E1B4-4C40-A444-4BC779B55789}.Stage|Any CPU.ActiveCfg = Debug|Any CPU
		{DB239C4F-E1B4-4C40-A444-4BC779B55789}.Stage|Any CPU.Build.0 = Debug|Any CPU
		{4503A5B1-40F7-4B02-8170-7B04513B0F93}.Development|Any CPU.ActiveCfg = Debug|Any CPU
		{4503A5B1-40F7-4B02-8170-7B04513B0F93}.Development|Any CPU.Build.0 = Debug|Any CPU
		{4503A5B1-40F7-4B02-8170-7B04513B0F93}.Production|Any CPU.ActiveCfg = Release|Any CPU
		{4503A5B1-40F7-4B02-8170-7B04513B0F93}.Production|Any CPU.Build.0 = Release|Any CPU
		{4503A5B1-40F7-4B02-8170-7B04513B0F93}.Stage|Any CPU.ActiveCfg = Debug|Any CPU
		{4503A5B1-40F7-4B02-8170-7B04513B0F93}.Stage|Any CPU.Build.0 = Debug|Any CPU
		{02E5C7A6-DF22-4F65-AF7E-19585D54CED8}.Development|Any CPU.ActiveCfg = Development|Any CPU
		{02E5C7A6-DF22-4F65-AF7E-19585D54CED8}.Development|Any CPU.Build.0 = Development|Any CPU
		{02E5C7A6-DF22-4F65-AF7E-19585D54CED8}.Production|Any CPU.ActiveCfg = Production|Any CPU
		{02E5C7A6-DF22-4F65-AF7E-19585D54CED8}.Production|Any CPU.Build.0 = Production|Any CPU
		{02E5C7A6-DF22-4F65-AF7E-19585D54CED8}.Stage|Any CPU.ActiveCfg = Stage|Any CPU
		{02E5C7A6-DF22-4F65-AF7E-19585D54CED8}.Stage|Any CPU.Build.0 = Stage|Any CPU
	EndGlobalSection
	GlobalSection(SolutionProperties) = preSolution
		HideSolutionNode = FALSE
	EndGlobalSection
	GlobalSection(NestedProjects) = preSolution
		{C2244F3B-2D50-4C12-9783-72B79B137041} = {DFD0D9D9-20AD-4BD4-8FCF-8EAC03182364}
		{22EF30C9-CD09-459F-99D9-9FB1E40C675A} = {CD1C9067-9232-46E5-B3F1-41425408C550}
		{B5561DE8-21C0-4020-B449-60C12CBE4F09} = {DFD0D9D9-20AD-4BD4-8FCF-8EAC03182364}
		{DB239C4F-E1B4-4C40-A444-4BC779B55789} = {BC1C86F0-9532-4D01-9E8D-97C05E2F98F0}
		{4503A5B1-40F7-4B02-8170-7B04513B0F93} = {DFD0D9D9-20AD-4BD4-8FCF-8EAC03182364}
		{02E5C7A6-DF22-4F65-AF7E-19585D54CED8} = {DFD0D9D9-20AD-4BD4-8FCF-8EAC03182364}
	EndGlobalSection
	GlobalSection(ExtensibilityGlobals) = postSolution
		SolutionGuid = {722EC480-B47F-4C47-976E-E7C69270696C}
	EndGlobalSection
EndGlobal
