
Microsoft Visual Studio Solution File, Format Version 12.00
# Visual Studio Version 17
VisualStudioVersion = 17.2.32630.192
MinimumVisualStudioVersion = 10.0.40219.1
Project("{9A19103F-16F7-4668-BE54-9A1E7A4F7556}") = "DocumentsAPI", "Documents\DocumentsAPI.csproj", "{C2244F3B-2D50-4C12-9783-72B79B137041}"
EndProject
Project("{2150E333-8FDC-42A3-9474-1A3956D46DE8}") = "Services", "Services", "{DFD0D9D9-20AD-4BD4-8FCF-8EAC03182364}"
EndProject
Project("{2150E333-8FDC-42A3-9474-1A3956D46DE8}") = "ApiGateways", "ApiGateways", "{CD1C9067-9232-46E5-B3F1-41425408C550}"
EndProject
Project("{9A19103F-16F7-4668-BE54-9A1E7A4F7556}") = "OcelotApiGw", "OcelotApiGw\OcelotApiGw.csproj", "{22EF30C9-CD09-459F-99D9-9FB1E40C675A}"
EndProject
Project("{9A19103F-16F7-4668-BE54-9A1E7A4F7556}") = "TaxManagementAPI", "TaxManagement\TaxManagementAPI.csproj", "{B5561DE8-21C0-4020-B449-60C12CBE4F09}"
EndProject
Project("{9A19103F-16F7-4668-BE54-9A1E7A4F7556}") = "AuthenticationAPI", "Auth\AuthenticationAPI.csproj", "{4503A5B1-40F7-4B02-8170-7B04513B0F93}"
EndProject
Project("{9A19103F-16F7-4668-BE54-9A1E7A4F7556}") = "AccountingAPI", "AccountingAPI\AccountingAPI.csproj", "{02E5C7A6-DF22-4F65-AF7E-19585D54CED8}"
EndProject
Project("{2150E333-8FDC-42A3-9474-1A3956D46DE8}") = "Documents", "Documents", "{9A2C96D6-81E6-4977-B825-FBCE3EADF662}"
EndProject
Project("{2150E333-8FDC-42A3-9474-1A3956D46DE8}") = "TaxManagement", "TaxManagement", "{37CA46C5-7E84-436B-9268-8DE090A719A7}"
EndProject
Project("{2150E333-8FDC-42A3-9474-1A3956D46DE8}") = "Authentication", "Authentication", "{9F0A899C-2264-4261-8EAC-BAECB405773A}"
EndProject
Project("{9A19103F-16F7-4668-BE54-9A1E7A4F7556}") = "AuthenticationUnitTests", "AuthenticationUnitTests\AuthenticationUnitTests.csproj", "{8FE0F8D9-DDA8-4D4D-A0D4-E74FC2F221E3}"
EndProject
Project("{2150E333-8FDC-42A3-9474-1A3956D46DE8}") = "Logs", "Logs", "{A314A12E-5F35-4629-A23F-0CA9AF197927}"
EndProject
Project("{9A19103F-16F7-4668-BE54-9A1E7A4F7556}") = "LogsAPI", "LogsAPI\LogsAPI.csproj", "{7F99CC34-4298-4CC5-BD3A-7FBFC7493A09}"
EndProject
Project("{2150E333-8FDC-42A3-9474-1A3956D46DE8}") = "Accounting", "Accounting", "{B31EFD80-C3CA-4CF3-AEF3-D3403F15105B}"
EndProject
Project("{2150E333-8FDC-42A3-9474-1A3956D46DE8}") = "PropertyManagement", "PropertyManagement", "{9FD01CCF-31FB-4E90-B296-3D1DC96DB3ED}"
EndProject
Project("{9A19103F-16F7-4668-BE54-9A1E7A4F7556}") = "PropertiesAPI", "PropertyManagementAPI\PropertiesAPI.csproj", "{5D070D47-A369-4E9D-B9A3-AFA855D7A55A}"
EndProject
Project("{2150E333-8FDC-42A3-9474-1A3956D46DE8}") = "Contacts", "Contacts", "{8E917AB6-743A-4700-ADEB-7A99957E1217}"
EndProject
Project("{9A19103F-16F7-4668-BE54-9A1E7A4F7556}") = "ContactsAPI", "ContactsAPI\ContactsAPI.csproj", "{D6559D04-AA86-4D84-925E-03857528B79F}"
EndProject
Project("{2150E333-8FDC-42A3-9474-1A3956D46DE8}") = "Ownership", "Ownership", "{AF017CE3-9845-4F55-BF17-3EAF39763B6E}"
EndProject
Project("{2150E333-8FDC-42A3-9474-1A3956D46DE8}") = "Company", "Company", "{949D446A-A4CF-4CB8-85A4-EEC898177753}"
EndProject
Project("{9A19103F-16F7-4668-BE54-9A1E7A4F7556}") = "CompanyAPI", "CompanyAPI\CompanyAPI.csproj", "{61E109F0-4CDE-4635-878D-33377F47EA5F}"
EndProject
Project("{2150E333-8FDC-42A3-9474-1A3956D46DE8}") = "Link", "Link", "{4E6AA0C0-880D-4D43-BAC2-3584ED49EEEC}"
EndProject
Project("{9A19103F-16F7-4668-BE54-9A1E7A4F7556}") = "LinkAPI", "LinkAPI\LinkAPI.csproj", "{B9C6B457-4CB6-47CF-A84C-1C587001C856}"
EndProject
Project("{9A19103F-16F7-4668-BE54-9A1E7A4F7556}") = "CountriesAPI", "CountriesAPI\CountriesAPI.csproj", "{AC199415-BF80-4192-A632-321F992E96A5}"
EndProject
Project("{2150E333-8FDC-42A3-9474-1A3956D46DE8}") = "Countries", "Countries", "{1E06FB3E-A96D-409D-B02D-4BFC3697A140}"
EndProject
Project("{9A19103F-16F7-4668-BE54-9A1E7A4F7556}") = "CompaniesAPI", "CompaniesAPI\CompaniesAPI.csproj", "{5740A439-2405-4B2C-9997-89F548E9857B}"
EndProject
Project("{9A19103F-16F7-4668-BE54-9A1E7A4F7556}") = "OwnershipAPI", "OwnershipAPI\OwnershipAPI.csproj", "{0CE09B16-2E82-4785-8D96-CF2A5222B472}"
EndProject
Project("{2150E333-8FDC-42A3-9474-1A3956D46DE8}") = "DocAnalyzer", "DocAnalyzer", "{A28C7076-3E95-47EC-BD9B-EC8CDEAB6F23}"
EndProject
Project("{9A19103F-16F7-4668-BE54-9A1E7A4F7556}") = "DocAnalyzerAPI", "DocumentAnalyzerAPI\DocAnalyzerAPI.csproj", "{65C766CF-9895-44DF-BB6D-7EDCF2DC3193}"
EndProject
Project("{2150E333-8FDC-42A3-9474-1A3956D46DE8}") = "InvoiceItemAnalyzer", "InvoiceItemAnalyzer", "{DB6DF47E-429F-410E-AA9D-AAD1BBE78893}"
EndProject
Project("{9A19103F-16F7-4668-BE54-9A1E7A4F7556}") = "InvoiceItemAnalyzerAPI", "InvoiceItemAnalyzerAPI\InvoiceItemAnalyzerAPI.csproj", "{6A431AE8-13A3-4DFF-8CCF-925DF5F80D26}"
EndProject
Global
	GlobalSection(SolutionConfigurationPlatforms) = preSolution
		Development|Any CPU = Development|Any CPU
		Production|Any CPU = Production|Any CPU
		Stage|Any CPU = Stage|Any CPU
	EndGlobalSection
	GlobalSection(ProjectConfigurationPlatforms) = postSolution
		{C2244F3B-2D50-4C12-9783-72B79B137041}.Development|Any CPU.ActiveCfg = Development|Any CPU
		{C2244F3B-2D50-4C12-9783-72B79B137041}.Development|Any CPU.Build.0 = Development|Any CPU
		{C2244F3B-2D50-4C12-9783-72B79B137041}.Production|Any CPU.ActiveCfg = Production|Any CPU
		{C2244F3B-2D50-4C12-9783-72B79B137041}.Production|Any CPU.Build.0 = Production|Any CPU
		{C2244F3B-2D50-4C12-9783-72B79B137041}.Stage|Any CPU.ActiveCfg = Stage|Any CPU
		{C2244F3B-2D50-4C12-9783-72B79B137041}.Stage|Any CPU.Build.0 = Stage|Any CPU
		{22EF30C9-CD09-459F-99D9-9FB1E40C675A}.Development|Any CPU.ActiveCfg = Development|Any CPU
		{22EF30C9-CD09-459F-99D9-9FB1E40C675A}.Development|Any CPU.Build.0 = Development|Any CPU
		{22EF30C9-CD09-459F-99D9-9FB1E40C675A}.Production|Any CPU.ActiveCfg = Production|Any CPU
		{22EF30C9-CD09-459F-99D9-9FB1E40C675A}.Production|Any CPU.Build.0 = Production|Any CPU
		{22EF30C9-CD09-459F-99D9-9FB1E40C675A}.Stage|Any CPU.ActiveCfg = Stage|Any CPU
		{22EF30C9-CD09-459F-99D9-9FB1E40C675A}.Stage|Any CPU.Build.0 = Stage|Any CPU
		{B5561DE8-21C0-4020-B449-60C12CBE4F09}.Development|Any CPU.ActiveCfg = Development|Any CPU
		{B5561DE8-21C0-4020-B449-60C12CBE4F09}.Development|Any CPU.Build.0 = Development|Any CPU
		{B5561DE8-21C0-4020-B449-60C12CBE4F09}.Production|Any CPU.ActiveCfg = Production|Any CPU
		{B5561DE8-21C0-4020-B449-60C12CBE4F09}.Production|Any CPU.Build.0 = Production|Any CPU
		{B5561DE8-21C0-4020-B449-60C12CBE4F09}.Stage|Any CPU.ActiveCfg = Stage|Any CPU
		{B5561DE8-21C0-4020-B449-60C12CBE4F09}.Stage|Any CPU.Build.0 = Stage|Any CPU
		{4503A5B1-40F7-4B02-8170-7B04513B0F93}.Development|Any CPU.ActiveCfg = Development|Any CPU
		{4503A5B1-40F7-4B02-8170-7B04513B0F93}.Development|Any CPU.Build.0 = Development|Any CPU
		{4503A5B1-40F7-4B02-8170-7B04513B0F93}.Production|Any CPU.ActiveCfg = Production|Any CPU
		{4503A5B1-40F7-4B02-8170-7B04513B0F93}.Production|Any CPU.Build.0 = Production|Any CPU
		{4503A5B1-40F7-4B02-8170-7B04513B0F93}.Stage|Any CPU.ActiveCfg = Stage|Any CPU
		{4503A5B1-40F7-4B02-8170-7B04513B0F93}.Stage|Any CPU.Build.0 = Stage|Any CPU
		{02E5C7A6-DF22-4F65-AF7E-19585D54CED8}.Development|Any CPU.ActiveCfg = Development|Any CPU
		{02E5C7A6-DF22-4F65-AF7E-19585D54CED8}.Development|Any CPU.Build.0 = Development|Any CPU
		{02E5C7A6-DF22-4F65-AF7E-19585D54CED8}.Production|Any CPU.ActiveCfg = Production|Any CPU
		{02E5C7A6-DF22-4F65-AF7E-19585D54CED8}.Production|Any CPU.Build.0 = Production|Any CPU
		{02E5C7A6-DF22-4F65-AF7E-19585D54CED8}.Stage|Any CPU.ActiveCfg = Stage|Any CPU
		{02E5C7A6-DF22-4F65-AF7E-19585D54CED8}.Stage|Any CPU.Build.0 = Stage|Any CPU
		{8FE0F8D9-DDA8-4D4D-A0D4-E74FC2F221E3}.Development|Any CPU.ActiveCfg = Development|Any CPU
		{8FE0F8D9-DDA8-4D4D-A0D4-E74FC2F221E3}.Development|Any CPU.Build.0 = Development|Any CPU
		{8FE0F8D9-DDA8-4D4D-A0D4-E74FC2F221E3}.Production|Any CPU.ActiveCfg = Production|Any CPU
		{8FE0F8D9-DDA8-4D4D-A0D4-E74FC2F221E3}.Production|Any CPU.Build.0 = Production|Any CPU
		{8FE0F8D9-DDA8-4D4D-A0D4-E74FC2F221E3}.Stage|Any CPU.ActiveCfg = Development|Any CPU
		{8FE0F8D9-DDA8-4D4D-A0D4-E74FC2F221E3}.Stage|Any CPU.Build.0 = Development|Any CPU
		{7F99CC34-4298-4CC5-BD3A-7FBFC7493A09}.Development|Any CPU.ActiveCfg = Development|Any CPU
		{7F99CC34-4298-4CC5-BD3A-7FBFC7493A09}.Development|Any CPU.Build.0 = Development|Any CPU
		{7F99CC34-4298-4CC5-BD3A-7FBFC7493A09}.Production|Any CPU.ActiveCfg = Production|Any CPU
		{7F99CC34-4298-4CC5-BD3A-7FBFC7493A09}.Production|Any CPU.Build.0 = Production|Any CPU
		{7F99CC34-4298-4CC5-BD3A-7FBFC7493A09}.Stage|Any CPU.ActiveCfg = Stage|Any CPU
		{7F99CC34-4298-4CC5-BD3A-7FBFC7493A09}.Stage|Any CPU.Build.0 = Stage|Any CPU
		{5D070D47-A369-4E9D-B9A3-AFA855D7A55A}.Development|Any CPU.ActiveCfg = Development|Any CPU
		{5D070D47-A369-4E9D-B9A3-AFA855D7A55A}.Development|Any CPU.Build.0 = Development|Any CPU
		{5D070D47-A369-4E9D-B9A3-AFA855D7A55A}.Production|Any CPU.ActiveCfg = Production|Any CPU
		{5D070D47-A369-4E9D-B9A3-AFA855D7A55A}.Production|Any CPU.Build.0 = Production|Any CPU
		{5D070D47-A369-4E9D-B9A3-AFA855D7A55A}.Stage|Any CPU.ActiveCfg = Stage|Any CPU
		{5D070D47-A369-4E9D-B9A3-AFA855D7A55A}.Stage|Any CPU.Build.0 = Stage|Any CPU
		{D6559D04-AA86-4D84-925E-03857528B79F}.Development|Any CPU.ActiveCfg = Development|Any CPU
		{D6559D04-AA86-4D84-925E-03857528B79F}.Development|Any CPU.Build.0 = Development|Any CPU
		{D6559D04-AA86-4D84-925E-03857528B79F}.Production|Any CPU.ActiveCfg = Production|Any CPU
		{D6559D04-AA86-4D84-925E-03857528B79F}.Production|Any CPU.Build.0 = Production|Any CPU
		{D6559D04-AA86-4D84-925E-03857528B79F}.Stage|Any CPU.ActiveCfg = Stage|Any CPU
		{D6559D04-AA86-4D84-925E-03857528B79F}.Stage|Any CPU.Build.0 = Stage|Any CPU
		{61E109F0-4CDE-4635-878D-33377F47EA5F}.Development|Any CPU.ActiveCfg = Development|Any CPU
		{61E109F0-4CDE-4635-878D-33377F47EA5F}.Development|Any CPU.Build.0 = Development|Any CPU
		{61E109F0-4CDE-4635-878D-33377F47EA5F}.Production|Any CPU.ActiveCfg = Production|Any CPU
		{61E109F0-4CDE-4635-878D-33377F47EA5F}.Production|Any CPU.Build.0 = Production|Any CPU
		{61E109F0-4CDE-4635-878D-33377F47EA5F}.Stage|Any CPU.ActiveCfg = Stage|Any CPU
		{61E109F0-4CDE-4635-878D-33377F47EA5F}.Stage|Any CPU.Build.0 = Stage|Any CPU
		{B9C6B457-4CB6-47CF-A84C-1C587001C856}.Development|Any CPU.ActiveCfg = Development|Any CPU
		{B9C6B457-4CB6-47CF-A84C-1C587001C856}.Development|Any CPU.Build.0 = Development|Any CPU
		{B9C6B457-4CB6-47CF-A84C-1C587001C856}.Production|Any CPU.ActiveCfg = Production|Any CPU
		{B9C6B457-4CB6-47CF-A84C-1C587001C856}.Production|Any CPU.Build.0 = Production|Any CPU
		{B9C6B457-4CB6-47CF-A84C-1C587001C856}.Stage|Any CPU.ActiveCfg = Stage|Any CPU
		{B9C6B457-4CB6-47CF-A84C-1C587001C856}.Stage|Any CPU.Build.0 = Stage|Any CPU
		{AC199415-BF80-4192-A632-321F992E96A5}.Development|Any CPU.ActiveCfg = Development|Any CPU
		{AC199415-BF80-4192-A632-321F992E96A5}.Development|Any CPU.Build.0 = Development|Any CPU
		{AC199415-BF80-4192-A632-321F992E96A5}.Production|Any CPU.ActiveCfg = Production|Any CPU
		{AC199415-BF80-4192-A632-321F992E96A5}.Production|Any CPU.Build.0 = Production|Any CPU
		{AC199415-BF80-4192-A632-321F992E96A5}.Stage|Any CPU.ActiveCfg = Stage|Any CPU
		{AC199415-BF80-4192-A632-321F992E96A5}.Stage|Any CPU.Build.0 = Stage|Any CPU
		{5740A439-2405-4B2C-9997-89F548E9857B}.Development|Any CPU.ActiveCfg = Development|Any CPU
		{5740A439-2405-4B2C-9997-89F548E9857B}.Development|Any CPU.Build.0 = Development|Any CPU
		{5740A439-2405-4B2C-9997-89F548E9857B}.Production|Any CPU.ActiveCfg = Production|Any CPU
		{5740A439-2405-4B2C-9997-89F548E9857B}.Production|Any CPU.Build.0 = Production|Any CPU
		{5740A439-2405-4B2C-9997-89F548E9857B}.Stage|Any CPU.ActiveCfg = Stage|Any CPU
		{5740A439-2405-4B2C-9997-89F548E9857B}.Stage|Any CPU.Build.0 = Stage|Any CPU
		{0CE09B16-2E82-4785-8D96-CF2A5222B472}.Development|Any CPU.ActiveCfg = Development|Any CPU
		{0CE09B16-2E82-4785-8D96-CF2A5222B472}.Development|Any CPU.Build.0 = Development|Any CPU
		{0CE09B16-2E82-4785-8D96-CF2A5222B472}.Production|Any CPU.ActiveCfg = Production|Any CPU
		{0CE09B16-2E82-4785-8D96-CF2A5222B472}.Production|Any CPU.Build.0 = Production|Any CPU
		{0CE09B16-2E82-4785-8D96-CF2A5222B472}.Stage|Any CPU.ActiveCfg = Stage|Any CPU
		{0CE09B16-2E82-4785-8D96-CF2A5222B472}.Stage|Any CPU.Build.0 = Stage|Any CPU
		{65C766CF-9895-44DF-BB6D-7EDCF2DC3193}.Development|Any CPU.ActiveCfg = Development|Any CPU
		{65C766CF-9895-44DF-BB6D-7EDCF2DC3193}.Development|Any CPU.Build.0 = Development|Any CPU
		{65C766CF-9895-44DF-BB6D-7EDCF2DC3193}.Production|Any CPU.ActiveCfg = Production|Any CPU
		{65C766CF-9895-44DF-BB6D-7EDCF2DC3193}.Production|Any CPU.Build.0 = Production|Any CPU
		{65C766CF-9895-44DF-BB6D-7EDCF2DC3193}.Stage|Any CPU.ActiveCfg = Stage|Any CPU
		{65C766CF-9895-44DF-BB6D-7EDCF2DC3193}.Stage|Any CPU.Build.0 = Stage|Any CPU
		{6A431AE8-13A3-4DFF-8CCF-925DF5F80D26}.Debug|Any CPU.ActiveCfg = Development|Any CPU
		{6A431AE8-13A3-4DFF-8CCF-925DF5F80D26}.Debug|Any CPU.Build.0 = Development|Any CPU
		{6A431AE8-13A3-4DFF-8CCF-925DF5F80D26}.Development|Any CPU.ActiveCfg = Development|Any CPU
		{6A431AE8-13A3-4DFF-8CCF-925DF5F80D26}.Development|Any CPU.Build.0 = Development|Any CPU
		{6A431AE8-13A3-4DFF-8CCF-925DF5F80D26}.Production|Any CPU.ActiveCfg = Production|Any CPU
		{6A431AE8-13A3-4DFF-8CCF-925DF5F80D26}.Production|Any CPU.Build.0 = Production|Any CPU
		{6A431AE8-13A3-4DFF-8CCF-925DF5F80D26}.Release|Any CPU.ActiveCfg = Development|Any CPU
		{6A431AE8-13A3-4DFF-8CCF-925DF5F80D26}.Release|Any CPU.Build.0 = Development|Any CPU
		{6A431AE8-13A3-4DFF-8CCF-925DF5F80D26}.Stage|Any CPU.ActiveCfg = Stage|Any CPU
		{6A431AE8-13A3-4DFF-8CCF-925DF5F80D26}.Stage|Any CPU.Build.0 = Stage|Any CPU
	EndGlobalSection
	GlobalSection(SolutionProperties) = preSolution
		HideSolutionNode = FALSE
	EndGlobalSection
	GlobalSection(NestedProjects) = preSolution
		{C2244F3B-2D50-4C12-9783-72B79B137041} = {9A2C96D6-81E6-4977-B825-FBCE3EADF662}
		{22EF30C9-CD09-459F-99D9-9FB1E40C675A} = {CD1C9067-9232-46E5-B3F1-41425408C550}
		{B5561DE8-21C0-4020-B449-60C12CBE4F09} = {37CA46C5-7E84-436B-9268-8DE090A719A7}
		{4503A5B1-40F7-4B02-8170-7B04513B0F93} = {9F0A899C-2264-4261-8EAC-BAECB405773A}
		{02E5C7A6-DF22-4F65-AF7E-19585D54CED8} = {B31EFD80-C3CA-4CF3-AEF3-D3403F15105B}
		{9A2C96D6-81E6-4977-B825-FBCE3EADF662} = {DFD0D9D9-20AD-4BD4-8FCF-8EAC03182364}
		{37CA46C5-7E84-436B-9268-8DE090A719A7} = {DFD0D9D9-20AD-4BD4-8FCF-8EAC03182364}
		{9F0A899C-2264-4261-8EAC-BAECB405773A} = {DFD0D9D9-20AD-4BD4-8FCF-8EAC03182364}
		{8FE0F8D9-DDA8-4D4D-A0D4-E74FC2F221E3} = {9F0A899C-2264-4261-8EAC-BAECB405773A}
		{A314A12E-5F35-4629-A23F-0CA9AF197927} = {DFD0D9D9-20AD-4BD4-8FCF-8EAC03182364}
		{7F99CC34-4298-4CC5-BD3A-7FBFC7493A09} = {A314A12E-5F35-4629-A23F-0CA9AF197927}
		{B31EFD80-C3CA-4CF3-AEF3-D3403F15105B} = {DFD0D9D9-20AD-4BD4-8FCF-8EAC03182364}
		{9FD01CCF-31FB-4E90-B296-3D1DC96DB3ED} = {DFD0D9D9-20AD-4BD4-8FCF-8EAC03182364}
		{5D070D47-A369-4E9D-B9A3-AFA855D7A55A} = {9FD01CCF-31FB-4E90-B296-3D1DC96DB3ED}
		{8E917AB6-743A-4700-ADEB-7A99957E1217} = {DFD0D9D9-20AD-4BD4-8FCF-8EAC03182364}
		{D6559D04-AA86-4D84-925E-03857528B79F} = {8E917AB6-743A-4700-ADEB-7A99957E1217}
		{AF017CE3-9845-4F55-BF17-3EAF39763B6E} = {DFD0D9D9-20AD-4BD4-8FCF-8EAC03182364}
		{949D446A-A4CF-4CB8-85A4-EEC898177753} = {DFD0D9D9-20AD-4BD4-8FCF-8EAC03182364}
		{61E109F0-4CDE-4635-878D-33377F47EA5F} = {949D446A-A4CF-4CB8-85A4-EEC898177753}
		{4E6AA0C0-880D-4D43-BAC2-3584ED49EEEC} = {DFD0D9D9-20AD-4BD4-8FCF-8EAC03182364}
		{B9C6B457-4CB6-47CF-A84C-1C587001C856} = {4E6AA0C0-880D-4D43-BAC2-3584ED49EEEC}
		{AC199415-BF80-4192-A632-321F992E96A5} = {1E06FB3E-A96D-409D-B02D-4BFC3697A140}
		{1E06FB3E-A96D-409D-B02D-4BFC3697A140} = {DFD0D9D9-20AD-4BD4-8FCF-8EAC03182364}
		{0CE09B16-2E82-4785-8D96-CF2A5222B472} = {AF017CE3-9845-4F55-BF17-3EAF39763B6E}
		{A28C7076-3E95-47EC-BD9B-EC8CDEAB6F23} = {DFD0D9D9-20AD-4BD4-8FCF-8EAC03182364}
		{65C766CF-9895-44DF-BB6D-7EDCF2DC3193} = {A28C7076-3E95-47EC-BD9B-EC8CDEAB6F23}
		{DB6DF47E-429F-410E-AA9D-AAD1BBE78893} = {DFD0D9D9-20AD-4BD4-8FCF-8EAC03182364}
		{6A431AE8-13A3-4DFF-8CCF-925DF5F80D26} = {DB6DF47E-429F-410E-AA9D-AAD1BBE78893}
	EndGlobalSection
	GlobalSection(ExtensibilityGlobals) = postSolution
		SolutionGuid = {722EC480-B47F-4C47-976E-E7C69270696C}
	EndGlobalSection
EndGlobal
