
Microsoft Visual Studio Solution File, Format Version 12.00
# Visual Studio Version 17
VisualStudioVersion = 17.2.32630.192
MinimumVisualStudioVersion = 10.0.40219.1
Project("{9A19103F-16F7-4668-BE54-9A1E7A4F7556}") = "Documents", "Documents\Documents.csproj", "{C2244F3B-2D50-4C12-9783-72B79B137041}"
EndProject
Project("{2150E333-8FDC-42A3-9474-1A3956D46DE8}") = "Services", "Services", "{DFD0D9D9-20AD-4BD4-8FCF-8EAC03182364}"
EndProject
Project("{2150E333-8FDC-42A3-9474-1A3956D46DE8}") = "ApiGateways", "ApiGateways", "{CD1C9067-9232-46E5-B3F1-41425408C550}"
EndProject
Project("{9A19103F-16F7-4668-BE54-9A1E7A4F7556}") = "OcelotApiGw", "OcelotApiGw\OcelotApiGw.csproj", "{22EF30C9-CD09-459F-99D9-9FB1E40C675A}"
EndProject
Project("{FAE04EC0-301F-11D3-BF4B-00C04F79EFBC}") = "TaxManagement", "TaxManagement\TaxManagement.csproj", "{B5561DE8-21C0-4020-B449-60C12CBE4F09}"
EndProject
Global
	GlobalSection(SolutionConfigurationPlatforms) = preSolution
		Debug|Any CPU = Debug|Any CPU
		Release|Any CPU = Release|Any CPU
	EndGlobalSection
	GlobalSection(ProjectConfigurationPlatforms) = postSolution
		{C2244F3B-2D50-4C12-9783-72B79B137041}.Debug|Any CPU.ActiveCfg = Debug|Any CPU
		{C2244F3B-2D50-4C12-9783-72B79B137041}.Debug|Any CPU.Build.0 = Debug|Any CPU
		{C2244F3B-2D50-4C12-9783-72B79B137041}.Release|Any CPU.ActiveCfg = Release|Any CPU
		{C2244F3B-2D50-4C12-9783-72B79B137041}.Release|Any CPU.Build.0 = Release|Any CPU
		{22EF30C9-CD09-459F-99D9-9FB1E40C675A}.Debug|Any CPU.ActiveCfg = Debug|Any CPU
		{22EF30C9-CD09-459F-99D9-9FB1E40C675A}.Debug|Any CPU.Build.0 = Debug|Any CPU
		{22EF30C9-CD09-459F-99D9-9FB1E40C675A}.Release|Any CPU.ActiveCfg = Release|Any CPU
		{22EF30C9-CD09-459F-99D9-9FB1E40C675A}.Release|Any CPU.Build.0 = Release|Any CPU
		{B5561DE8-21C0-4020-B449-60C12CBE4F09}.Debug|Any CPU.ActiveCfg = Debug|Any CPU
		{B5561DE8-21C0-4020-B449-60C12CBE4F09}.Debug|Any CPU.Build.0 = Debug|Any CPU
		{B5561DE8-21C0-4020-B449-60C12CBE4F09}.Release|Any CPU.ActiveCfg = Release|Any CPU
		{B5561DE8-21C0-4020-B449-60C12CBE4F09}.Release|Any CPU.Build.0 = Release|Any CPU
	EndGlobalSection
	GlobalSection(SolutionProperties) = preSolution
		HideSolutionNode = FALSE
	EndGlobalSection
	GlobalSection(NestedProjects) = preSolution
		{C2244F3B-2D50-4C12-9783-72B79B137041} = {DFD0D9D9-20AD-4BD4-8FCF-8EAC03182364}
		{22EF30C9-CD09-459F-99D9-9FB1E40C675A} = {CD1C9067-9232-46E5-B3F1-41425408C550}
		{B5561DE8-21C0-4020-B449-60C12CBE4F09} = {DFD0D9D9-20AD-4BD4-8FCF-8EAC03182364}
	EndGlobalSection
	GlobalSection(ExtensibilityGlobals) = postSolution
		SolutionGuid = {722EC480-B47F-4C47-976E-E7C69270696C}
	EndGlobalSection
EndGlobal
